// !$*UTF8*$!
{
	archiveVersion = 1;
	classes = {
	};
	objectVersion = 46;
	objects = {

/* Begin PBXBuildFile section */
		32E2B8611DB9450A003F2F14 /* main.m in Sources */ = {isa = PBXBuildFile; fileRef = 32E2B8601DB9450A003F2F14 /* main.m */; };
		32E2B8641DB9450A003F2F14 /* AppDelegate.m in Sources */ = {isa = PBXBuildFile; fileRef = 32E2B8631DB9450A003F2F14 /* AppDelegate.m */; };
		32E2B8671DB9450A003F2F14 /* ViewController.m in Sources */ = {isa = PBXBuildFile; fileRef = 32E2B8661DB9450A003F2F14 /* ViewController.m */; };
		32E2B86A1DB9450B003F2F14 /* Main.storyboard in Resources */ = {isa = PBXBuildFile; fileRef = 32E2B8681DB9450B003F2F14 /* Main.storyboard */; };
		32E2B86C1DB9450B003F2F14 /* Assets.xcassets in Resources */ = {isa = PBXBuildFile; fileRef = 32E2B86B1DB9450B003F2F14 /* Assets.xcassets */; };
		32E2B86F1DB9450B003F2F14 /* LaunchScreen.storyboard in Resources */ = {isa = PBXBuildFile; fileRef = 32E2B86D1DB9450B003F2F14 /* LaunchScreen.storyboard */; };
		32E2B8781DB9514D003F2F14 /* forecastTableViewCell.m in Sources */ = {isa = PBXBuildFile; fileRef = 32E2B8771DB9514D003F2F14 /* forecastTableViewCell.m */; };
		32E2B87A1DB955D9003F2F14 /* CoreLocation.framework in Frameworks */ = {isa = PBXBuildFile; fileRef = 32E2B8791DB955D9003F2F14 /* CoreLocation.framework */; };
/* End PBXBuildFile section */

/* Begin PBXFileReference section */
		32E2B85C1DB9450A003F2F14 /* JPWeatherApplication.app */ = {isa = PBXFileReference; explicitFileType = wrapper.application; includeInIndex = 0; path = JPWeatherApplication.app; sourceTree = BUILT_PRODUCTS_DIR; };
		32E2B8601DB9450A003F2F14 /* main.m */ = {isa = PBXFileReference; lastKnownFileType = sourcecode.c.objc; path = main.m; sourceTree = "<group>"; };
		32E2B8621DB9450A003F2F14 /* AppDelegate.h */ = {isa = PBXFileReference; lastKnownFileType = sourcecode.c.h; path = AppDelegate.h; sourceTree = "<group>"; };
		32E2B8631DB9450A003F2F14 /* AppDelegate.m */ = {isa = PBXFileReference; lastKnownFileType = sourcecode.c.objc; path = AppDelegate.m; sourceTree = "<group>"; };
		32E2B8651DB9450A003F2F14 /* ViewController.h */ = {isa = PBXFileReference; lastKnownFileType = sourcecode.c.h; path = ViewController.h; sourceTree = "<group>"; };
		32E2B8661DB9450A003F2F14 /* ViewController.m */ = {isa = PBXFileReference; lastKnownFileType = sourcecode.c.objc; path = ViewController.m; sourceTree = "<group>"; };
		32E2B8691DB9450B003F2F14 /* Base */ = {isa = PBXFileReference; lastKnownFileType = file.storyboard; name = Base; path = Base.lproj/Main.storyboard; sourceTree = "<group>"; };
		32E2B86B1DB9450B003F2F14 /* Assets.xcassets */ = {isa = PBXFileReference; lastKnownFileType = folder.assetcatalog; path = Assets.xcassets; sourceTree = "<group>"; };
		32E2B86E1DB9450B003F2F14 /* Base */ = {isa = PBXFileReference; lastKnownFileType = file.storyboard; name = Base; path = Base.lproj/LaunchScreen.storyboard; sourceTree = "<group>"; };
		32E2B8701DB9450B003F2F14 /* Info.plist */ = {isa = PBXFileReference; lastKnownFileType = text.plist.xml; path = Info.plist; sourceTree = "<group>"; };
		32E2B8761DB9514D003F2F14 /* forecastTableViewCell.h */ = {isa = PBXFileReference; fileEncoding = 4; lastKnownFileType = sourcecode.c.h; path = forecastTableViewCell.h; sourceTree = "<group>"; };
		32E2B8771DB9514D003F2F14 /* forecastTableViewCell.m */ = {isa = PBXFileReference; fileEncoding = 4; lastKnownFileType = sourcecode.c.objc; path = forecastTableViewCell.m; sourceTree = "<group>"; };
		32E2B8791DB955D9003F2F14 /* CoreLocation.framework */ = {isa = PBXFileReference; lastKnownFileType = wrapper.framework; name = CoreLocation.framework; path = System/Library/Frameworks/CoreLocation.framework; sourceTree = SDKROOT; };
/* End PBXFileReference section */

/* Begin PBXFrameworksBuildPhase section */
		32E2B8591DB9450A003F2F14 /* Frameworks */ = {
			isa = PBXFrameworksBuildPhase;
			buildActionMask = 2147483647;
			files = (
				32E2B87A1DB955D9003F2F14 /* CoreLocation.framework in Frameworks */,
			);
			runOnlyForDeploymentPostprocessing = 0;
		};
/* End PBXFrameworksBuildPhase section */

/* Begin PBXGroup section */
		32E2B8531DB9450A003F2F14 = {
			isa = PBXGroup;
			children = (
				32E2B8791DB955D9003F2F14 /* CoreLocation.framework */,
				32E2B85E1DB9450A003F2F14 /* JPWeatherApplication */,
				32E2B85D1DB9450A003F2F14 /* Products */,
			);
			sourceTree = "<group>";
		};
		32E2B85D1DB9450A003F2F14 /* Products */ = {
			isa = PBXGroup;
			children = (
				32E2B85C1DB9450A003F2F14 /* JPWeatherApplication.app */,
			);
			name = Products;
			sourceTree = "<group>";
		};
		32E2B85E1DB9450A003F2F14 /* JPWeatherApplication */ = {
			isa = PBXGroup;
			children = (
				32E2B8621DB9450A003F2F14 /* AppDelegate.h */,
				32E2B8631DB9450A003F2F14 /* AppDelegate.m */,
				32E2B8651DB9450A003F2F14 /* ViewController.h */,
				32E2B8661DB9450A003F2F14 /* ViewController.m */,
				32E2B8761DB9514D003F2F14 /* forecastTableViewCell.h */,
				32E2B8771DB9514D003F2F14 /* forecastTableViewCell.m */,
				32E2B8681DB9450B003F2F14 /* Main.storyboard */,
				32E2B86B1DB9450B003F2F14 /* Assets.xcassets */,
				32E2B86D1DB9450B003F2F14 /* LaunchScreen.storyboard */,
				32E2B8701DB9450B003F2F14 /* Info.plist */,
				32E2B85F1DB9450A003F2F14 /* Supporting Files */,
			);
			path = JPWeatherApplication;
			sourceTree = "<group>";
		};
		32E2B85F1DB9450A003F2F14 /* Supporting Files */ = {
			isa = PBXGroup;
			children = (
				32E2B8601DB9450A003F2F14 /* main.m */,
			);
			name = "Supporting Files";
			sourceTree = "<group>";
		};
/* End PBXGroup section */

/* Begin PBXNativeTarget section */
		32E2B85B1DB9450A003F2F14 /* JPWeatherApplication */ = {
			isa = PBXNativeTarget;
			buildConfigurationList = 32E2B8731DB9450B003F2F14 /* Build configuration list for PBXNativeTarget "JPWeatherApplication" */;
			buildPhases = (
				32E2B8581DB9450A003F2F14 /* Sources */,
				32E2B8591DB9450A003F2F14 /* Frameworks */,
				32E2B85A1DB9450A003F2F14 /* Resources */,
			);
			buildRules = (
			);
			dependencies = (
			);
			name = JPWeatherApplication;
			productName = JPWeatherApplication;
			productReference = 32E2B85C1DB9450A003F2F14 /* JPWeatherApplication.app */;
			productType = "com.apple.product-type.application";
		};
/* End PBXNativeTarget section */

/* Begin PBXProject section */
		32E2B8541DB9450A003F2F14 /* Project object */ = {
			isa = PBXProject;
			attributes = {
				LastUpgradeCheck = 0730;
				ORGANIZATIONNAME = "jagruti patil";
				TargetAttributes = {
					32E2B85B1DB9450A003F2F14 = {
						CreatedOnToolsVersion = 7.3.1;
					};
				};
			};
			buildConfigurationList = 32E2B8571DB9450A003F2F14 /* Build configuration list for PBXProject "JPWeatherApplication" */;
			compatibilityVersion = "Xcode 3.2";
			developmentRegion = English;
			hasScannedForEncodings = 0;
			knownRegions = (
				en,
				Base,
			);
			mainGroup = 32E2B8531DB9450A003F2F14;
			productRefGroup = 32E2B85D1DB9450A003F2F14 /* Products */;
			projectDirPath = "";
			projectRoot = "";
			targets = (
				32E2B85B1DB9450A003F2F14 /* JPWeatherApplication */,
			);
		};
/* End PBXProject section */

/* Begin PBXResourcesBuildPhase section */
		32E2B85A1DB9450A003F2F14 /* Resources */ = {
			isa = PBXResourcesBuildPhase;
			buildActionMask = 2147483647;
			files = (
				32E2B86F1DB9450B003F2F14 /* LaunchScreen.storyboard in Resources */,
				32E2B86C1DB9450B003F2F14 /* Assets.xcassets in Resources */,
				32E2B86A1DB9450B003F2F14 /* Main.storyboard in Resources */,
			);
			runOnlyForDeploymentPostprocessing = 0;
		};
/* End PBXResourcesBuildPhase section */

/* Begin PBXSourcesBuildPhase section */
		32E2B8581DB9450A003F2F14 /* Sources */ = {
			isa = PBXSourcesBuildPhase;
			buildActionMask = 2147483647;
			files = (
				32E2B8781DB9514D003F2F14 /* forecastTableViewCell.m in Sources */,
				32E2B8671DB9450A003F2F14 /* ViewController.m in Sources */,
				32E2B8641DB9450A003F2F14 /* AppDelegate.m in Sources */,
				32E2B8611DB9450A003F2F14 /* main.m in Sources */,
			);
			runOnlyForDeploymentPostprocessing = 0;
		};
/* End PBXSourcesBuildPhase section */

/* Begin PBXVariantGroup section */
		32E2B8681DB9450B003F2F14 /* Main.storyboard */ = {
			isa = PBXVariantGroup;
			children = (
				32E2B8691DB9450B003F2F14 /* Base */,
			);
			name = Main.storyboard;
			sourceTree = "<group>";
		};
		32E2B86D1DB9450B003F2F14 /* LaunchScreen.storyboard */ = {
			isa = PBXVariantGroup;
			children = (
				32E2B86E1DB9450B003F2F14 /* Base */,
			);
			name = LaunchScreen.storyboard;
			sourceTree = "<group>";
		};
/* End PBXVariantGroup section */

/* Begin XCBuildConfiguration section */
		32E2B8711DB9450B003F2F14 /* Debug */ = {
			isa = XCBuildConfiguration;
			buildSettings = {
				ALWAYS_SEARCH_USER_PATHS = NO;
				CLANG_ANALYZER_NONNULL = YES;
				CLANG_CXX_LANGUAGE_STANDARD = "gnu++0x";
				CLANG_CXX_LIBRARY = "libc++";
				CLANG_ENABLE_MODULES = YES;
				CLANG_ENABLE_OBJC_ARC = YES;
				CLANG_WARN_BOOL_CONVERSION = YES;
				CLANG_WARN_CONSTANT_CONVERSION = YES;
				CLANG_WARN_DIRECT_OBJC_ISA_USAGE = YES_ERROR;
				CLANG_WARN_EMPTY_BODY = YES;
				CLANG_WARN_ENUM_CONVERSION = YES;
				CLANG_WARN_INT_CONVERSION = YES;
				CLANG_WARN_OBJC_ROOT_CLASS = YES_ERROR;
				CLANG_WARN_UNREACHABLE_CODE = YES;
				CLANG_WARN__DUPLICATE_METHOD_MATCH = YES;
				"CODE_SIGN_IDENTITY[sdk=iphoneos*]" = "iPhone Developer";
				COPY_PHASE_STRIP = NO;
				DEBUG_INFORMATION_FORMAT = dwarf;
				ENABLE_STRICT_OBJC_MSGSEND = YES;
				ENABLE_TESTABILITY = YES;
				GCC_C_LANGUAGE_STANDARD = gnu99;
				GCC_DYNAMIC_NO_PIC = NO;
				GCC_NO_COMMON_BLOCKS = YES;
				GCC_OPTIMIZATION_LEVEL = 0;
				GCC_PREPROCESSOR_DEFINITIONS = (
					"DEBUG=1",
					"$(inherited)",
				);
				GCC_WARN_64_TO_32_BIT_CONVERSION = YES;
				GCC_WARN_ABOUT_RETURN_TYPE = YES_ERROR;
				GCC_WARN_UNDECLARED_SELECTOR = YES;
				GCC_WARN_UNINITIALIZED_AUTOS = YES_AGGRESSIVE;
				GCC_WARN_UNUSED_FUNCTION = YES;
				GCC_WARN_UNUSED_VARIABLE = YES;
				IPHONEOS_DEPLOYMENT_TARGET = 9.3;
				MTL_ENABLE_DEBUG_INFO = YES;
				ONLY_ACTIVE_ARCH = YES;
				SDKROOT = iphoneos;
				TARGETED_DEVICE_FAMILY = "1,2";
			};
			name = Debug;
		};
		32E2B8721DB9450B003F2F14 /* Release */ = {
			isa = XCBuildConfiguration;
			buildSettings = {
				ALWAYS_SEARCH_USER_PATHS = NO;
				CLANG_ANALYZER_NONNULL = YES;
				CLANG_CXX_LANGUAGE_STANDARD = "gnu++0x";
				CLANG_CXX_LIBRARY = "libc++";
				CLANG_ENABLE_MODULES = YES;
				CLANG_ENABLE_OBJC_ARC = YES;
				CLANG_WARN_BOOL_CONVERSION = YES;
				CLANG_WARN_CONSTANT_CONVERSION = YES;
				CLANG_WARN_DIRECT_OBJC_ISA_USAGE = YES_ERROR;
				CLANG_WARN_EMPTY_BODY = YES;
				CLANG_WARN_ENUM_CONVERSION = YES;
				CLANG_WARN_INT_CONVERSION = YES;
				CLANG_WARN_OBJC_ROOT_CLASS = YES_ERROR;
				CLANG_WARN_UNREACHABLE_CODE = YES;
				CLANG_WARN__DUPLICATE_METHOD_MATCH = YES;
				"CODE_SIGN_IDENTITY[sdk=iphoneos*]" = "iPhone Developer";
				COPY_PHASE_STRIP = NO;
				DEBUG_INFORMATION_FORMAT = "dwarf-with-dsym";
				ENABLE_NS_ASSERTIONS = NO;
				ENABLE_STRICT_OBJC_MSGSEND = YES;
				GCC_C_LANGUAGE_STANDARD = gnu99;
				GCC_NO_COMMON_BLOCKS = YES;
				GCC_WARN_64_TO_32_BIT_CONVERSION = YES;
				GCC_WARN_ABOUT_RETURN_TYPE = YES_ERROR;
				GCC_WARN_UNDECLARED_SELECTOR = YES;
				GCC_WARN_UNINITIALIZED_AUTOS = YES_AGGRESSIVE;
				GCC_WARN_UNUSED_FUNCTION = YES;
				GCC_WARN_UNUSED_VARIABLE = YES;
				IPHONEOS_DEPLOYMENT_TARGET = 9.3;
				MTL_ENABLE_DEBUG_INFO = NO;
				SDKROOT = iphoneos;
				TARGETED_DEVICE_FAMILY = "1,2";
				VALIDATE_PRODUCT = YES;
			};
			name = Release;
		};
		32E2B8741DB9450B003F2F14 /* Debug */ = {
			isa = XCBuildConfiguration;
			buildSettings = {
				ASSETCATALOG_COMPILER_APPICON_NAME = AppIcon;
				INFOPLIST_FILE = JPWeatherApplication/Info.plist;
				LD_RUNPATH_SEARCH_PATHS = "$(inherited) @executable_path/Frameworks";
				PRODUCT_BUNDLE_IDENTIFIER = com.jagrutipatil.JPWeatherApplication;
				PRODUCT_NAME = "$(TARGET_NAME)";
			};
			name = Debug;
		};
		32E2B8751DB9450B003F2F14 /* Release */ = {
			isa = XCBuildConfiguration;
			buildSettings = {
				ASSETCATALOG_COMPILER_APPICON_NAME = AppIcon;
				INFOPLIST_FILE = JPWeatherApplication/Info.plist;
				LD_RUNPATH_SEARCH_PATHS = "$(inherited) @executable_path/Frameworks";
				PRODUCT_BUNDLE_IDENTIFIER = com.jagrutipatil.JPWeatherApplication;
				PRODUCT_NAME = "$(TARGET_NAME)";
			};
			name = Release;
		};
/* End XCBuildConfiguration section */

/* Begin XCConfigurationList section */
		32E2B8571DB9450A003F2F14 /* Build configuration list for PBXProject "JPWeatherApplication" */ = {
			isa = XCConfigurationList;
			buildConfigurations = (
				32E2B8711DB9450B003F2F14 /* Debug */,
				32E2B8721DB9450B003F2F14 /* Release */,
			);
			defaultConfigurationIsVisible = 0;
			defaultConfigurationName = Release;
		};
		32E2B8731DB9450B003F2F14 /* Build configuration list for PBXNativeTarget "JPWeatherApplication" */ = {
			isa = XCConfigurationList;
			buildConfigurations = (
				32E2B8741DB9450B003F2F14 /* Debug */,
				32E2B8751DB9450B003F2F14 /* Release */,
			);
			defaultConfigurationIsVisible = 0;
			defaultConfigurationName = Release;
		};
/* End XCConfigurationList section */
	};
	rootObject = 32E2B8541DB9450A003F2F14 /* Project object */;
}
